<?xml version="1.0" encoding="UTF-8"?>
<!DOCTYPE plist PUBLIC "-//Apple//DTD PLIST 1.0//EN" "http://www.apple.com/DTDs/PropertyList-1.0.dtd">
<plist version="1.0">
<dict>
	<key>archiveVersion</key>
	<string>1</string>
	<key>classes</key>
	<dict/>
	<key>objectVersion</key>
	<string>54</string>
	<key>objects</key>
	<dict>
		<key>00DD1BFF1BD5951E006B06BC</key>
		<dict>
			<key>buildActionMask</key>
			<string>2147483647</string>
			<key>files</key>
			<array/>
			<key>inputPaths</key>
			<array>
				<string>$(SRCROOT)/.xcode.env.local</string>
				<string>$(SRCROOT)/.xcode.env</string>
			</array>
			<key>isa</key>
			<string>PBXShellScriptBuildPhase</string>
			<key>name</key>
			<string>Bundle React Native code and images</string>
			<key>outputPaths</key>
			<array/>
			<key>runOnlyForDeploymentPostprocessing</key>
			<string>0</string>
			<key>shellPath</key>
			<string>/bin/sh</string>
			<key>shellScript</key>
			<string>set -e

WITH_ENVIRONMENT="$REACT_NATIVE_PATH/scripts/xcode/with-environment.sh"
REACT_NATIVE_XCODE="$REACT_NATIVE_PATH/scripts/react-native-xcode.sh"

/bin/sh -c "\"$WITH_ENVIRONMENT\" \"$REACT_NATIVE_XCODE\""
</string>
		</dict>
		<key>035C69412EFCDF79000EEE8C</key>
		<dict>
			<key>isa</key>
			<string>PBXFileReference</string>
			<key>lastKnownFileType</key>
			<string>sourcecode.c.h</string>
			<key>path</key>
			<string>PATHWAY-Bridging-Header.h</string>
			<key>sourceTree</key>
			<string>&lt;group&gt;</string>
		</dict>
		<key>035C69422EFCE75E000EEE8C</key>
		<dict>
			<key>isa</key>
			<string>PBXFileReference</string>
			<key>lastKnownFileType</key>
			<string>sourcecode.c.objc</string>
			<key>path</key>
			<string>LocalLLMBridge.m</string>
			<key>sourceTree</key>
			<string>&lt;group&gt;</string>
		</dict>
		<key>035C69432EFCE75E000EEE8C</key>
		<dict>
			<key>fileRef</key>
			<string>035C69422EFCE75E000EEE8C</string>
			<key>isa</key>
			<string>PBXBuildFile</string>
		</dict>
		<key>035C69442EFCE768000EEE8C</key>
		<dict>
			<key>isa</key>
			<string>PBXFileReference</string>
			<key>lastKnownFileType</key>
			<string>sourcecode.swift</string>
			<key>path</key>
			<string>LocalLLMBridge.swift</string>
			<key>sourceTree</key>
			<string>&lt;group&gt;</string>
		</dict>
		<key>035C69452EFCE768000EEE8C</key>
		<dict>
			<key>fileRef</key>
			<string>035C69442EFCE768000EEE8C</string>
			<key>isa</key>
			<string>PBXBuildFile</string>
		</dict>
		<key>035C69462EFDD2B7000EEE8C</key>
		<dict>
			<key>isa</key>
			<string>PBXFileReference</string>
			<key>lastKnownFileType</key>
			<string>wrapper.framework</string>
			<key>name</key>
			<string>FoundationModels.framework</string>
			<key>path</key>
			<string>System/Library/Frameworks/FoundationModels.framework</string>
			<key>sourceTree</key>
			<string>SDKROOT</string>
		</dict>
		<key>035C69472EFDD2B7000EEE8C</key>
		<dict>
			<key>fileRef</key>
			<string>035C69462EFDD2B7000EEE8C</string>
			<key>isa</key>
			<string>PBXBuildFile</string>
		</dict>
		<key>054B80C41304515ABC1B0E3B</key>
		<dict>
			<key>includeInIndex</key>
			<string>1</string>
			<key>isa</key>
			<string>PBXFileReference</string>
			<key>lastKnownFileType</key>
			<string>text.xcconfig</string>
			<key>name</key>
			<string>Pods-PATHWAY.debug.xcconfig</string>
			<key>path</key>
			<string>Target Support Files/Pods-PATHWAY/Pods-PATHWAY.debug.xcconfig</string>
			<key>sourceTree</key>
			<string>&lt;group&gt;</string>
		</dict>
		<key>13B07F861A680F5B00A75B9A</key>
		<dict>
			<key>buildConfigurationList</key>
			<string>13B07F931A680F5B00A75B9A</string>
			<key>buildPhases</key>
			<array>
				<string>13B07F871A680F5B00A75B9A</string>
				<string>13B07F8C1A680F5B00A75B9A</string>
				<string>13B07F8E1A680F5B00A75B9A</string>
				<string>00DD1BFF1BD5951E006B06BC</string>
				<string>5E06CE2D38CAE35D04F61730</string>
			</array>
			<key>buildRules</key>
			<array/>
			<key>dependencies</key>
			<array/>
			<key>isa</key>
			<string>PBXNativeTarget</string>
			<key>name</key>
			<string>PATHWAY</string>
			<key>productName</key>
			<string>PATHWAY</string>
			<key>productReference</key>
			<string>13B07F961A680F5B00A75B9A</string>
			<key>productType</key>
			<string>com.apple.product-type.application</string>
		</dict>
		<key>13B07F871A680F5B00A75B9A</key>
		<dict>
			<key>buildActionMask</key>
			<string>2147483647</string>
			<key>files</key>
			<array>
				<string>035C69452EFCE768000EEE8C</string>
				<string>035C69432EFCE75E000EEE8C</string>
				<string>761780ED2CA45674006654EE</string>
			</array>
			<key>isa</key>
			<string>PBXSourcesBuildPhase</string>
			<key>runOnlyForDeploymentPostprocessing</key>
			<string>0</string>
		</dict>
		<key>13B07F8C1A680F5B00A75B9A</key>
		<dict>
			<key>buildActionMask</key>
			<string>2147483647</string>
			<key>files</key>
			<array>
				<string>035C69472EFDD2B7000EEE8C</string>
			</array>
			<key>isa</key>
			<string>PBXFrameworksBuildPhase</string>
			<key>runOnlyForDeploymentPostprocessing</key>
			<string>0</string>
		</dict>
		<key>13B07F8E1A680F5B00A75B9A</key>
		<dict>
			<key>buildActionMask</key>
			<string>2147483647</string>
			<key>files</key>
			<array>
				<string>81AB9BB82411601600AC10FF</string>
				<string>13B07FBF1A68108700A75B9A</string>
				<string>260ED5615BD8424DBB2ABB24</string>
			</array>
			<key>isa</key>
			<string>PBXResourcesBuildPhase</string>
			<key>runOnlyForDeploymentPostprocessing</key>
			<string>0</string>
		</dict>
		<key>13B07F931A680F5B00A75B9A</key>
		<dict>
			<key>buildConfigurations</key>
			<array>
				<string>13B07F941A680F5B00A75B9A</string>
				<string>13B07F951A680F5B00A75B9A</string>
			</array>
			<key>defaultConfigurationIsVisible</key>
			<string>0</string>
			<key>defaultConfigurationName</key>
			<string>Release</string>
			<key>isa</key>
			<string>XCConfigurationList</string>
		</dict>
		<key>13B07F941A680F5B00A75B9A</key>
		<dict>
			<key>baseConfigurationReference</key>
			<string>972292CD0120EC45A899AFF5</string>
			<key>buildSettings</key>
			<dict>
				<key>ASSETCATALOG_COMPILER_APPICON_NAME</key>
				<string>AppIcon</string>
				<key>CLANG_ENABLE_MODULES</key>
				<string>YES</string>
				<key>CODE_SIGN_IDENTITY</key>
				<string>Apple Development</string>
				<key>CODE_SIGN_STYLE</key>
				<string>Automatic</string>
				<key>CURRENT_PROJECT_VERSION</key>
				<string>1</string>
				<key>DEVELOPMENT_TEAM</key>
				<string>7R9JPNN87C</string>
				<key>ENABLE_BITCODE</key>
				<string>NO</string>
				<key>FRAMEWORK_SEARCH_PATHS</key>
				<string>$(inherited)</string>
				<key>HEADER_SEARCH_PATHS</key>
				<array>
					<string>$(inherited)</string>
					<string>"${PODS_ROOT}/Headers/Public"</string>
					<string>"${PODS_ROOT}/Headers/Public/DoubleConversion"</string>
					<string>"${PODS_ROOT}/Headers/Public/FBLazyVector"</string>
					<string>"${PODS_ROOT}/Headers/Public/RCT-Folly"</string>
					<string>"${PODS_ROOT}/Headers/Public/RCTDeprecation"</string>
					<string>"${PODS_ROOT}/Headers/Public/RCTRequired"</string>
					<string>"${PODS_ROOT}/Headers/Public/RCTSwiftUIWrapper"</string>
					<string>"${PODS_ROOT}/Headers/Public/RCTTypeSafety"</string>
					<string>"${PODS_ROOT}/Headers/Public/RNCAsyncStorage"</string>
					<string>"${PODS_ROOT}/Headers/Public/RNDeviceInfo"</string>
					<string>"${PODS_ROOT}/Headers/Public/RNSVG"</string>
					<string>"${PODS_ROOT}/Headers/Public/React-Core"</string>
					<string>"${PODS_ROOT}/Headers/Public/React-Fabric"</string>
					<string>"${PODS_ROOT}/Headers/Public/React-FabricComponents"</string>
					<string>"${PODS_ROOT}/Headers/Public/React-FabricImage"</string>
					<string>"${PODS_ROOT}/Headers/Public/React-ImageManager"</string>
					<string>"${PODS_ROOT}/Headers/Public/React-Mapbuffer"</string>
					<string>"${PODS_ROOT}/Headers/Public/React-NativeModulesApple"</string>
					<string>"${PODS_ROOT}/Headers/Public/React-RCTAnimation"</string>
					<string>"${PODS_ROOT}/Headers/Public/React-RCTAppDelegate"</string>
					<string>"${PODS_ROOT}/Headers/Public/React-RCTBlob"</string>
					<string>"${PODS_ROOT}/Headers/Public/React-RCTFBReactNativeSpec"</string>
					<string>"${PODS_ROOT}/Headers/Public/React-RCTFabric"</string>
					<string>"${PODS_ROOT}/Headers/Public/React-RCTRuntime"</string>
					<string>"${PODS_ROOT}/Headers/Public/React-RCTText"</string>
					<string>"${PODS_ROOT}/Headers/Public/React-RuntimeApple"</string>
					<string>"${PODS_ROOT}/Headers/Public/React-RuntimeCore"</string>
					<string>"${PODS_ROOT}/Headers/Public/React-RuntimeHermes"</string>
					<string>"${PODS_ROOT}/Headers/Public/React-callinvoker"</string>
					<string>"${PODS_ROOT}/Headers/Public/React-cxxreact"</string>
					<string>"${PODS_ROOT}/Headers/Public/React-debug"</string>
					<string>"${PODS_ROOT}/Headers/Public/React-defaultsnativemodule"</string>
					<string>"${PODS_ROOT}/Headers/Public/React-domnativemodule"</string>
					<string>"${PODS_ROOT}/Headers/Public/React-featureflags"</string>
					<string>"${PODS_ROOT}/Headers/Public/React-featureflagsnativemodule"</string>
					<string>"${PODS_ROOT}/Headers/Public/React-graphics"</string>
					<string>"${PODS_ROOT}/Headers/Public/React-hermes"</string>
					<string>"${PODS_ROOT}/Headers/Public/React-idlecallbacksnativemodule"</string>
					<string>"${PODS_ROOT}/Headers/Public/React-intersectionobservernativemodule"</string>
					<string>"${PODS_ROOT}/Headers/Public/React-jserrorhandler"</string>
					<string>"${PODS_ROOT}/Headers/Public/React-jsi"</string>
					<string>"${PODS_ROOT}/Headers/Public/React-jsiexecutor"</string>
					<string>"${PODS_ROOT}/Headers/Public/React-jsinspector"</string>
					<string>"${PODS_ROOT}/Headers/Public/React-jsinspectorcdp"</string>
					<string>"${PODS_ROOT}/Headers/Public/React-jsinspectornetwork"</string>
					<string>"${PODS_ROOT}/Headers/Public/React-jsinspectortracing"</string>
					<string>"${PODS_ROOT}/Headers/Public/React-jsitooling"</string>
					<string>"${PODS_ROOT}/Headers/Public/React-logger"</string>
					<string>"${PODS_ROOT}/Headers/Public/React-microtasksnativemodule"</string>
					<string>"${PODS_ROOT}/Headers/Public/React-networking"</string>
					<string>"${PODS_ROOT}/Headers/Public/React-oscompat"</string>
					<string>"${PODS_ROOT}/Headers/Public/React-perflogger"</string>
					<string>"${PODS_ROOT}/Headers/Public/React-performancecdpmetrics"</string>
					<string>"${PODS_ROOT}/Headers/Public/React-performancetimeline"</string>
					<string>"${PODS_ROOT}/Headers/Public/React-rendererconsistency"</string>
					<string>"${PODS_ROOT}/Headers/Public/React-renderercss"</string>
					<string>"${PODS_ROOT}/Headers/Public/React-rendererdebug"</string>
					<string>"${PODS_ROOT}/Headers/Public/React-runtimeexecutor"</string>
					<string>"${PODS_ROOT}/Headers/Public/React-runtimescheduler"</string>
					<string>"${PODS_ROOT}/Headers/Public/React-timing"</string>
					<string>"${PODS_ROOT}/Headers/Public/React-utils"</string>
					<string>"${PODS_ROOT}/Headers/Public/React-webperformancenativemodule"</string>
					<string>"${PODS_ROOT}/Headers/Public/ReactAppDependencyProvider"</string>
					<string>"${PODS_ROOT}/Headers/Public/ReactCodegen"</string>
					<string>"${PODS_ROOT}/Headers/Public/ReactCommon"</string>
					<string>"${PODS_ROOT}/Headers/Public/SocketRocket"</string>
					<string>"${PODS_ROOT}/Headers/Public/Yoga"</string>
					<string>"${PODS_ROOT}/Headers/Public/boost"</string>
					<string>"${PODS_ROOT}/Headers/Public/fast_float"</string>
					<string>"${PODS_ROOT}/Headers/Public/fmt"</string>
					<string>"${PODS_ROOT}/Headers/Public/glog"</string>
					<string>"${PODS_ROOT}/Headers/Public/hermes-engine"</string>
					<string>"${PODS_ROOT}/Headers/Public/react-native-safe-area-context"</string>
					<string>"$(PODS_ROOT)/DoubleConversion"</string>
					<string>"$(PODS_ROOT)/boost"</string>
					<string>"$(PODS_ROOT)/Headers/Private/React-Core"</string>
					<string>"$(PODS_ROOT)/Headers/Private/React-Core"</string>
					<string>"$(PODS_ROOT)/Headers/Private/Yoga"/**</string>
				</array>
				<key>INFOPLIST_FILE</key>
				<string>PATHWAY/Info.plist</string>
				<key>IPHONEOS_DEPLOYMENT_TARGET</key>
				<string>26.0</string>
				<key>LD_RUNPATH_SEARCH_PATHS</key>
				<array>
					<string>$(inherited)</string>
					<string>@executable_path/Frameworks</string>
				</array>
				<key>MARKETING_VERSION</key>
				<string>1.0</string>
				<key>OTHER_LDFLAGS</key>
				<array>
					<string>$(inherited)</string>
					<string>-ObjC</string>
					<string>-lc++</string>
				</array>
				<key>OTHER_SWIFT_FLAGS</key>
				<string></string>
				<key>PRODUCT_BUNDLE_IDENTIFIER</key>
				<string>com.adarsh.PATHWAY</string>
				<key>PRODUCT_NAME</key>
				<string>PATHWAY</string>
				<key>PROVISIONING_PROFILE_SPECIFIER</key>
				<string></string>
				<key>SWIFT_OBJC_BRIDGING_HEADER</key>
				<string>/Users/adarshsudheer/Documents/Personal/PATHWAY/ios/PATHWAY/PATHWAY-Bridging-Header.h</string>
				<key>SWIFT_OPTIMIZATION_LEVEL</key>
				<string>-Onone</string>
				<key>SWIFT_VERSION</key>
				<string>5.0</string>
				<key>USER_HEADER_SEARCH_PATHS</key>
				<string></string>
				<key>VERSIONING_SYSTEM</key>
				<string>apple-generic</string>
				<key>lkl</key>
				<string></string>
			</dict>
			<key>isa</key>
			<string>XCBuildConfiguration</string>
			<key>name</key>
			<string>Debug</string>
		</dict>
		<key>13B07F951A680F5B00A75B9A</key>
		<dict>
			<key>baseConfigurationReference</key>
			<string>3986EF51BAACF8D8944DA1DB</string>
			<key>buildSettings</key>
			<dict>
				<key>ASSETCATALOG_COMPILER_APPICON_NAME</key>
				<string>AppIcon</string>
				<key>CLANG_ENABLE_MODULES</key>
				<string>YES</string>
				<key>CODE_SIGN_IDENTITY</key>
				<string>Apple Development</string>
				<key>CODE_SIGN_STYLE</key>
				<string>Automatic</string>
				<key>CURRENT_PROJECT_VERSION</key>
				<string>1</string>
				<key>DEVELOPMENT_TEAM</key>
				<string>7R9JPNN87C</string>
				<key>FRAMEWORK_SEARCH_PATHS</key>
				<string>$(inherited)</string>
				<key>HEADER_SEARCH_PATHS</key>
				<array>
					<string>$(inherited)</string>
					<string>"${PODS_ROOT}/Headers/Public"</string>
					<string>"${PODS_ROOT}/Headers/Public/DoubleConversion"</string>
					<string>"${PODS_ROOT}/Headers/Public/FBLazyVector"</string>
					<string>"${PODS_ROOT}/Headers/Public/RCT-Folly"</string>
					<string>"${PODS_ROOT}/Headers/Public/RCTDeprecation"</string>
					<string>"${PODS_ROOT}/Headers/Public/RCTRequired"</string>
					<string>"${PODS_ROOT}/Headers/Public/RCTSwiftUIWrapper"</string>
					<string>"${PODS_ROOT}/Headers/Public/RCTTypeSafety"</string>
					<string>"${PODS_ROOT}/Headers/Public/RNCAsyncStorage"</string>
					<string>"${PODS_ROOT}/Headers/Public/RNDeviceInfo"</string>
					<string>"${PODS_ROOT}/Headers/Public/RNSVG"</string>
					<string>"${PODS_ROOT}/Headers/Public/React-Core"</string>
					<string>"${PODS_ROOT}/Headers/Public/React-Fabric"</string>
					<string>"${PODS_ROOT}/Headers/Public/React-FabricComponents"</string>
					<string>"${PODS_ROOT}/Headers/Public/React-FabricImage"</string>
					<string>"${PODS_ROOT}/Headers/Public/React-ImageManager"</string>
					<string>"${PODS_ROOT}/Headers/Public/React-Mapbuffer"</string>
					<string>"${PODS_ROOT}/Headers/Public/React-NativeModulesApple"</string>
					<string>"${PODS_ROOT}/Headers/Public/React-RCTAnimation"</string>
					<string>"${PODS_ROOT}/Headers/Public/React-RCTAppDelegate"</string>
					<string>"${PODS_ROOT}/Headers/Public/React-RCTBlob"</string>
					<string>"${PODS_ROOT}/Headers/Public/React-RCTFBReactNativeSpec"</string>
					<string>"${PODS_ROOT}/Headers/Public/React-RCTFabric"</string>
					<string>"${PODS_ROOT}/Headers/Public/React-RCTRuntime"</string>
					<string>"${PODS_ROOT}/Headers/Public/React-RCTText"</string>
					<string>"${PODS_ROOT}/Headers/Public/React-RuntimeApple"</string>
					<string>"${PODS_ROOT}/Headers/Public/React-RuntimeCore"</string>
					<string>"${PODS_ROOT}/Headers/Public/React-RuntimeHermes"</string>
					<string>"${PODS_ROOT}/Headers/Public/React-callinvoker"</string>
					<string>"${PODS_ROOT}/Headers/Public/React-cxxreact"</string>
					<string>"${PODS_ROOT}/Headers/Public/React-debug"</string>
					<string>"${PODS_ROOT}/Headers/Public/React-defaultsnativemodule"</string>
					<string>"${PODS_ROOT}/Headers/Public/React-domnativemodule"</string>
					<string>"${PODS_ROOT}/Headers/Public/React-featureflags"</string>
					<string>"${PODS_ROOT}/Headers/Public/React-featureflagsnativemodule"</string>
					<string>"${PODS_ROOT}/Headers/Public/React-graphics"</string>
					<string>"${PODS_ROOT}/Headers/Public/React-hermes"</string>
					<string>"${PODS_ROOT}/Headers/Public/React-idlecallbacksnativemodule"</string>
					<string>"${PODS_ROOT}/Headers/Public/React-intersectionobservernativemodule"</string>
					<string>"${PODS_ROOT}/Headers/Public/React-jserrorhandler"</string>
					<string>"${PODS_ROOT}/Headers/Public/React-jsi"</string>
					<string>"${PODS_ROOT}/Headers/Public/React-jsiexecutor"</string>
					<string>"${PODS_ROOT}/Headers/Public/React-jsinspector"</string>
					<string>"${PODS_ROOT}/Headers/Public/React-jsinspectorcdp"</string>
					<string>"${PODS_ROOT}/Headers/Public/React-jsinspectornetwork"</string>
					<string>"${PODS_ROOT}/Headers/Public/React-jsinspectortracing"</string>
					<string>"${PODS_ROOT}/Headers/Public/React-jsitooling"</string>
					<string>"${PODS_ROOT}/Headers/Public/React-logger"</string>
					<string>"${PODS_ROOT}/Headers/Public/React-microtasksnativemodule"</string>
					<string>"${PODS_ROOT}/Headers/Public/React-networking"</string>
					<string>"${PODS_ROOT}/Headers/Public/React-oscompat"</string>
					<string>"${PODS_ROOT}/Headers/Public/React-perflogger"</string>
					<string>"${PODS_ROOT}/Headers/Public/React-performancecdpmetrics"</string>
					<string>"${PODS_ROOT}/Headers/Public/React-performancetimeline"</string>
					<string>"${PODS_ROOT}/Headers/Public/React-rendererconsistency"</string>
					<string>"${PODS_ROOT}/Headers/Public/React-renderercss"</string>
					<string>"${PODS_ROOT}/Headers/Public/React-rendererdebug"</string>
					<string>"${PODS_ROOT}/Headers/Public/React-runtimeexecutor"</string>
					<string>"${PODS_ROOT}/Headers/Public/React-runtimescheduler"</string>
					<string>"${PODS_ROOT}/Headers/Public/React-timing"</string>
					<string>"${PODS_ROOT}/Headers/Public/React-utils"</string>
					<string>"${PODS_ROOT}/Headers/Public/React-webperformancenativemodule"</string>
					<string>"${PODS_ROOT}/Headers/Public/ReactAppDependencyProvider"</string>
					<string>"${PODS_ROOT}/Headers/Public/ReactCodegen"</string>
					<string>"${PODS_ROOT}/Headers/Public/ReactCommon"</string>
					<string>"${PODS_ROOT}/Headers/Public/SocketRocket"</string>
					<string>"${PODS_ROOT}/Headers/Public/Yoga"</string>
					<string>"${PODS_ROOT}/Headers/Public/boost"</string>
					<string>"${PODS_ROOT}/Headers/Public/fast_float"</string>
					<string>"${PODS_ROOT}/Headers/Public/fmt"</string>
					<string>"${PODS_ROOT}/Headers/Public/glog"</string>
					<string>"${PODS_ROOT}/Headers/Public/hermes-engine"</string>
					<string>"${PODS_ROOT}/Headers/Public/react-native-safe-area-context"</string>
					<string>"$(PODS_ROOT)/DoubleConversion"</string>
					<string>"$(PODS_ROOT)/boost"</string>
					<string>"$(PODS_ROOT)/Headers/Private/React-Core"</string>
					<string>"$(PODS_ROOT)/Headers/Private/React-Core"</string>
					<string>"$(PODS_ROOT)/Headers/Private/Yoga"/**</string>
					<string>$(SRCROOT)/../node_modules/react-native/React/**</string>
					<string>$(SRCROOT)/../node_modules/react-native/React</string>
					<string>$(SRCROOT)/../node_modules/react-native/React/**</string>
					<string>$(SRCROOT)/../node_modules/react-native/React/**</string>
					<string>$(SRCROOT)/../node_modules/react-native/React/**</string>
					<string>$(SRCROOT)/../node_modules/react-native/ReactCommon/**</string>
					<string>$(SRCROOT)/../node_modules/react-native/**</string>
				</array>
				<key>INFOPLIST_FILE</key>
				<string>PATHWAY/Info.plist</string>
				<key>IPHONEOS_DEPLOYMENT_TARGET</key>
				<string>26.0</string>
				<key>LD_RUNPATH_SEARCH_PATHS</key>
				<array>
					<string>$(inherited)</string>
					<string>@executable_path/Frameworks</string>
				</array>
				<key>MARKETING_VERSION</key>
				<string>1.0</string>
				<key>OTHER_LDFLAGS</key>
				<array>
					<string>$(inherited)</string>
					<string>-ObjC</string>
					<string>-lc++</string>
				</array>
				<key>OTHER_SWIFT_FLAGS</key>
				<string></string>
				<key>PRODUCT_BUNDLE_IDENTIFIER</key>
				<string>com.adarsh.PATHWAY</string>
				<key>PRODUCT_NAME</key>
				<string>PATHWAY</string>
				<key>PROVISIONING_PROFILE_SPECIFIER</key>
				<string></string>
				<key>SWIFT_OBJC_BRIDGING_HEADER</key>
				<string>/Users/adarshsudheer/Documents/Personal/PATHWAY/ios/PATHWAY/PATHWAY-Bridging-Header.h</string>
				<key>SWIFT_VERSION</key>
				<string>5.0</string>
				<key>USER_HEADER_SEARCH_PATHS</key>
				<string></string>
				<key>VERSIONING_SYSTEM</key>
				<string>apple-generic</string>
				<key>lkl</key>
				<string></string>
			</dict>
			<key>isa</key>
			<string>XCBuildConfiguration</string>
			<key>name</key>
			<string>Release</string>
		</dict>
		<key>13B07F961A680F5B00A75B9A</key>
		<dict>
			<key>explicitFileType</key>
			<string>wrapper.application</string>
			<key>includeInIndex</key>
			<string>0</string>
			<key>isa</key>
			<string>PBXFileReference</string>
			<key>path</key>
			<string>PATHWAY.app</string>
			<key>sourceTree</key>
			<string>BUILT_PRODUCTS_DIR</string>
		</dict>
		<key>13B07FAE1A68108700A75B9A</key>
		<dict>
			<key>children</key>
			<array>
				<string>13B07FB51A68108700A75B9A</string>
				<string>761780EC2CA45674006654EE</string>
				<string>035C69442EFCE768000EEE8C</string>
				<string>035C69422EFCE75E000EEE8C</string>
				<string>13B07FB61A68108700A75B9A</string>
				<string>81AB9BB72411601600AC10FF</string>
				<string>13B07FB81A68108700A75B9A</string>
				<string>035C69412EFCDF79000EEE8C</string>
			</array>
			<key>isa</key>
			<string>PBXGroup</string>
			<key>name</key>
			<string>PATHWAY</string>
			<key>sourceTree</key>
			<string>&lt;group&gt;</string>
		</dict>
		<key>13B07FB51A68108700A75B9A</key>
		<dict>
			<key>isa</key>
			<string>PBXFileReference</string>
			<key>lastKnownFileType</key>
			<string>folder.assetcatalog</string>
			<key>name</key>
			<string>Images.xcassets</string>
			<key>path</key>
			<string>PATHWAY/Images.xcassets</string>
			<key>sourceTree</key>
			<string>&lt;group&gt;</string>
		</dict>
		<key>13B07FB61A68108700A75B9A</key>
		<dict>
			<key>fileEncoding</key>
			<string>4</string>
			<key>isa</key>
			<string>PBXFileReference</string>
			<key>lastKnownFileType</key>
			<string>text.plist.xml</string>
			<key>name</key>
			<string>Info.plist</string>
			<key>path</key>
			<string>PATHWAY/Info.plist</string>
			<key>sourceTree</key>
			<string>&lt;group&gt;</string>
		</dict>
		<key>13B07FB81A68108700A75B9A</key>
		<dict>
			<key>fileEncoding</key>
			<string>4</string>
			<key>isa</key>
			<string>PBXFileReference</string>
			<key>lastKnownFileType</key>
			<string>text.plist.xml</string>
			<key>name</key>
			<string>PrivacyInfo.xcprivacy</string>
			<key>path</key>
			<string>PATHWAY/PrivacyInfo.xcprivacy</string>
			<key>sourceTree</key>
			<string>&lt;group&gt;</string>
		</dict>
		<key>13B07FBF1A68108700A75B9A</key>
		<dict>
			<key>fileRef</key>
			<string>13B07FB51A68108700A75B9A</string>
			<key>isa</key>
			<string>PBXBuildFile</string>
		</dict>
		<key>21E130A94111B284223026CA</key>
		<dict>
			<key>includeInIndex</key>
			<string>1</string>
			<key>isa</key>
			<string>PBXFileReference</string>
			<key>lastKnownFileType</key>
			<string>text.xcconfig</string>
			<key>name</key>
			<string>Pods-PATHWAY.release.xcconfig</string>
			<key>path</key>
			<string>Target Support Files/Pods-PATHWAY/Pods-PATHWAY.release.xcconfig</string>
			<key>sourceTree</key>
			<string>&lt;group&gt;</string>
		</dict>
		<key>260ED5615BD8424DBB2ABB24</key>
		<dict>
			<key>fileRef</key>
			<string>13B07FB81A68108700A75B9A</string>
			<key>isa</key>
			<string>PBXBuildFile</string>
		</dict>
		<key>2D16E6871FA4F8E400B85C8A</key>
		<dict>
			<key>children</key>
			<array>
				<string>035C69462EFDD2B7000EEE8C</string>
				<string>ED297162215061F000B7C4FE</string>
			</array>
			<key>isa</key>
			<string>PBXGroup</string>
			<key>name</key>
			<string>Frameworks</string>
			<key>sourceTree</key>
			<string>&lt;group&gt;</string>
		</dict>
		<key>3986EF51BAACF8D8944DA1DB</key>
		<dict>
			<key>includeInIndex</key>
			<string>1</string>
			<key>isa</key>
			<string>PBXFileReference</string>
			<key>lastKnownFileType</key>
			<string>text.xcconfig</string>
			<key>name</key>
			<string>Pods-PATHWAY.release.xcconfig</string>
			<key>path</key>
			<string>Target Support Files/Pods-PATHWAY/Pods-PATHWAY.release.xcconfig</string>
			<key>sourceTree</key>
			<string>&lt;group&gt;</string>
		</dict>
		<key>42F71002AFA29CB48C79973B</key>
		<dict>
			<key>fileRef</key>
			<string>EDBDE231E4B44518330CDBAE</string>
			<key>isa</key>
			<string>PBXBuildFile</string>
			<key>settings</key>
			<dict>
				<key>ATTRIBUTES</key>
				<array>
					<string>CodeSignOnCopy</string>
					<string>RemoveHeadersOnCopy</string>
				</array>
			</dict>
		</dict>
		<key>5E06CE2D38CAE35D04F61730</key>
		<dict>
			<key>buildActionMask</key>
			<string>2147483647</string>
			<key>dstPath</key>
			<string></string>
			<key>dstSubfolderSpec</key>
			<string>10</string>
			<key>files</key>
			<array>
				<string>42F71002AFA29CB48C79973B</string>
			</array>
			<key>isa</key>
			<string>PBXCopyFilesBuildPhase</string>
			<key>name</key>
			<string>Embed Frameworks</string>
			<key>runOnlyForDeploymentPostprocessing</key>
			<string>0</string>
		</dict>
		<key>761780EC2CA45674006654EE</key>
		<dict>
			<key>isa</key>
			<string>PBXFileReference</string>
			<key>lastKnownFileType</key>
			<string>sourcecode.swift</string>
			<key>name</key>
			<string>AppDelegate.swift</string>
			<key>path</key>
			<string>PATHWAY/AppDelegate.swift</string>
			<key>sourceTree</key>
			<string>&lt;group&gt;</string>
		</dict>
		<key>761780ED2CA45674006654EE</key>
		<dict>
			<key>fileRef</key>
			<string>761780EC2CA45674006654EE</string>
			<key>isa</key>
			<string>PBXBuildFile</string>
		</dict>
		<key>81AB9BB72411601600AC10FF</key>
		<dict>
			<key>fileEncoding</key>
			<string>4</string>
			<key>isa</key>
			<string>PBXFileReference</string>
			<key>lastKnownFileType</key>
			<string>file.storyboard</string>
			<key>name</key>
			<string>LaunchScreen.storyboard</string>
			<key>path</key>
			<string>PATHWAY/LaunchScreen.storyboard</string>
			<key>sourceTree</key>
			<string>&lt;group&gt;</string>
		</dict>
		<key>81AB9BB82411601600AC10FF</key>
		<dict>
			<key>fileRef</key>
			<string>81AB9BB72411601600AC10FF</string>
			<key>isa</key>
			<string>PBXBuildFile</string>
		</dict>
		<key>832341AE1AAA6A7D00B99B32</key>
		<dict>
			<key>children</key>
			<array/>
			<key>isa</key>
			<string>PBXGroup</string>
			<key>name</key>
			<string>Libraries</string>
			<key>sourceTree</key>
			<string>&lt;group&gt;</string>
		</dict>
		<key>83CBB9F61A601CBA00E9B192</key>
		<dict>
			<key>children</key>
			<array>
				<string>13B07FAE1A68108700A75B9A</string>
				<string>832341AE1AAA6A7D00B99B32</string>
				<string>83CBBA001A601CBA00E9B192</string>
				<string>2D16E6871FA4F8E400B85C8A</string>
				<string>BBD78D7AC51CEA395F1C20DB</string>
				<string>EDBDE231E4B44518330CDBAE</string>
			</array>
			<key>indentWidth</key>
			<string>2</string>
			<key>isa</key>
			<string>PBXGroup</string>
			<key>sourceTree</key>
			<string>&lt;group&gt;</string>
			<key>tabWidth</key>
			<string>2</string>
			<key>usesTabs</key>
			<string>0</string>
		</dict>
		<key>83CBB9F71A601CBA00E9B192</key>
		<dict>
			<key>attributes</key>
			<dict>
				<key>LastUpgradeCheck</key>
				<string>1210</string>
				<key>TargetAttributes</key>
				<dict>
					<key>13B07F861A680F5B00A75B9A</key>
					<dict>
						<key>LastSwiftMigration</key>
						<string>1120</string>
					</dict>
				</dict>
			</dict>
			<key>buildConfigurationList</key>
			<string>83CBB9FA1A601CBA00E9B192</string>
			<key>compatibilityVersion</key>
			<string>Xcode 12.0</string>
			<key>developmentRegion</key>
			<string>en</string>
			<key>hasScannedForEncodings</key>
			<string>0</string>
			<key>isa</key>
			<string>PBXProject</string>
			<key>knownRegions</key>
			<array>
				<string>en</string>
				<string>Base</string>
			</array>
			<key>mainGroup</key>
			<string>83CBB9F61A601CBA00E9B192</string>
			<key>productRefGroup</key>
			<string>83CBBA001A601CBA00E9B192</string>
			<key>projectDirPath</key>
			<string></string>
			<key>projectRoot</key>
			<string></string>
			<key>targets</key>
			<array>
				<string>13B07F861A680F5B00A75B9A</string>
			</array>
		</dict>
		<key>83CBB9FA1A601CBA00E9B192</key>
		<dict>
			<key>buildConfigurations</key>
			<array>
				<string>83CBBA201A601CBA00E9B192</string>
				<string>83CBBA211A601CBA00E9B192</string>
			</array>
			<key>defaultConfigurationIsVisible</key>
			<string>0</string>
			<key>defaultConfigurationName</key>
			<string>Release</string>
			<key>isa</key>
			<string>XCConfigurationList</string>
		</dict>
		<key>83CBBA001A601CBA00E9B192</key>
		<dict>
			<key>children</key>
			<array>
				<string>13B07F961A680F5B00A75B9A</string>
			</array>
			<key>isa</key>
			<string>PBXGroup</string>
			<key>name</key>
			<string>Products</string>
			<key>sourceTree</key>
			<string>&lt;group&gt;</string>
		</dict>
		<key>83CBBA201A601CBA00E9B192</key>
		<dict>
			<key>buildSettings</key>
			<dict>
				<key>ALWAYS_SEARCH_USER_PATHS</key>
				<string>NO</string>
				<key>CLANG_ANALYZER_LOCALIZABILITY_NONLOCALIZED</key>
				<string>YES</string>
				<key>CLANG_CXX_LANGUAGE_STANDARD</key>
				<string>c++20</string>
				<key>CLANG_CXX_LIBRARY</key>
				<string>libc++</string>
				<key>CLANG_ENABLE_MODULES</key>
				<string>YES</string>
				<key>CLANG_ENABLE_OBJC_ARC</key>
				<string>YES</string>
				<key>CLANG_WARN_BLOCK_CAPTURE_AUTORELEASING</key>
				<string>YES</string>
				<key>CLANG_WARN_BOOL_CONVERSION</key>
				<string>YES</string>
				<key>CLANG_WARN_COMMA</key>
				<string>YES</string>
				<key>CLANG_WARN_CONSTANT_CONVERSION</key>
				<string>YES</string>
				<key>CLANG_WARN_DEPRECATED_OBJC_IMPLEMENTATIONS</key>
				<string>YES</string>
				<key>CLANG_WARN_DIRECT_OBJC_ISA_USAGE</key>
				<string>YES_ERROR</string>
				<key>CLANG_WARN_EMPTY_BODY</key>
				<string>YES</string>
				<key>CLANG_WARN_ENUM_CONVERSION</key>
				<string>YES</string>
				<key>CLANG_WARN_INFINITE_RECURSION</key>
				<string>YES</string>
				<key>CLANG_WARN_INT_CONVERSION</key>
				<string>YES</string>
				<key>CLANG_WARN_NON_LITERAL_NULL_CONVERSION</key>
				<string>YES</string>
				<key>CLANG_WARN_OBJC_IMPLICIT_RETAIN_SELF</key>
				<string>YES</string>
				<key>CLANG_WARN_OBJC_LITERAL_CONVERSION</key>
				<string>YES</string>
				<key>CLANG_WARN_OBJC_ROOT_CLASS</key>
				<string>YES_ERROR</string>
				<key>CLANG_WARN_QUOTED_INCLUDE_IN_FRAMEWORK_HEADER</key>
				<string>YES</string>
				<key>CLANG_WARN_RANGE_LOOP_ANALYSIS</key>
				<string>YES</string>
				<key>CLANG_WARN_STRICT_PROTOTYPES</key>
				<string>YES</string>
				<key>CLANG_WARN_SUSPICIOUS_MOVE</key>
				<string>YES</string>
				<key>CLANG_WARN_UNREACHABLE_CODE</key>
				<string>YES</string>
				<key>CLANG_WARN__DUPLICATE_METHOD_MATCH</key>
				<string>YES</string>
				<key>CODE_SIGN_IDENTITY[sdk=iphoneos*]</key>
				<string>iPhone Developer</string>
				<key>COPY_PHASE_STRIP</key>
				<string>NO</string>
				<key>ENABLE_STRICT_OBJC_MSGSEND</key>
				<string>YES</string>
				<key>ENABLE_TESTABILITY</key>
				<string>YES</string>
				<key>EXCLUDED_ARCHS[sdk=iphonesimulator*]</key>
				<string></string>
				<key>GCC_C_LANGUAGE_STANDARD</key>
				<string>gnu99</string>
				<key>GCC_DYNAMIC_NO_PIC</key>
				<string>NO</string>
				<key>GCC_NO_COMMON_BLOCKS</key>
				<string>YES</string>
				<key>GCC_OPTIMIZATION_LEVEL</key>
				<string>0</string>
				<key>GCC_PREPROCESSOR_DEFINITIONS</key>
				<array>
					<string>DEBUG=1</string>
					<string>$(inherited)</string>
				</array>
				<key>GCC_SYMBOLS_PRIVATE_EXTERN</key>
				<string>NO</string>
				<key>GCC_WARN_64_TO_32_BIT_CONVERSION</key>
				<string>YES</string>
				<key>GCC_WARN_ABOUT_RETURN_TYPE</key>
				<string>YES_ERROR</string>
				<key>GCC_WARN_UNDECLARED_SELECTOR</key>
				<string>YES</string>
				<key>GCC_WARN_UNINITIALIZED_AUTOS</key>
				<string>YES_AGGRESSIVE</string>
				<key>GCC_WARN_UNUSED_FUNCTION</key>
				<string>YES</string>
				<key>GCC_WARN_UNUSED_VARIABLE</key>
				<string>YES</string>
				<key>HEADER_SEARCH_PATHS</key>
				<array>
					<string>$(inherited)</string>
					<string>${PODS_CONFIGURATION_BUILD_DIR}/ReactCommon/ReactCommon.framework/Headers</string>
					<string>${PODS_CONFIGURATION_BUILD_DIR}/ReactCommon/ReactCommon.framework/Headers/react/nativemodule/core</string>
					<string>${PODS_CONFIGURATION_BUILD_DIR}/React-runtimeexecutor/React_runtimeexecutor.framework/Headers</string>
					<string>${PODS_CONFIGURATION_BUILD_DIR}/React-runtimeexecutor/React_runtimeexecutor.framework/Headers/platform/ios</string>
					<string>${PODS_CONFIGURATION_BUILD_DIR}/ReactCommon-Samples/ReactCommon_Samples.framework/Headers</string>
					<string>${PODS_CONFIGURATION_BUILD_DIR}/ReactCommon-Samples/ReactCommon_Samples.framework/Headers/platform/ios</string>
					<string>${PODS_CONFIGURATION_BUILD_DIR}/React-Fabric/React_Fabric.framework/Headers/react/renderer/components/view/platform/cxx</string>
					<string>${PODS_CONFIGURATION_BUILD_DIR}/React-NativeModulesApple/React_NativeModulesApple.framework/Headers</string>
					<string>${PODS_CONFIGURATION_BUILD_DIR}/React-graphics/React_graphics.framework/Headers</string>
					<string>${PODS_CONFIGURATION_BUILD_DIR}/React-graphics/React_graphics.framework/Headers/react/renderer/graphics/platform/ios</string>
				</array>
				<key>IPHONEOS_DEPLOYMENT_TARGET</key>
				<string>15.1</string>
				<key>LD_RUNPATH_SEARCH_PATHS</key>
				<array>
					<string>/usr/lib/swift</string>
					<string>$(inherited)</string>
				</array>
				<key>LIBRARY_SEARCH_PATHS</key>
				<array>
					<string>"$(SDKROOT)/usr/lib/swift"</string>
					<string>"$(TOOLCHAIN_DIR)/usr/lib/swift/$(PLATFORM_NAME)"</string>
					<string>"$(inherited)"</string>
				</array>
				<key>MTL_ENABLE_DEBUG_INFO</key>
				<string>YES</string>
				<key>ONLY_ACTIVE_ARCH</key>
				<string>YES</string>
				<key>OTHER_CFLAGS</key>
				<string>$(inherited)</string>
				<key>OTHER_CPLUSPLUSFLAGS</key>
				<array>
					<string>$(OTHER_CFLAGS)</string>
					<string>-DFOLLY_NO_CONFIG</string>
					<string>-DFOLLY_MOBILE=1</string>
					<string>-DFOLLY_USE_LIBCPP=1</string>
					<string>-DFOLLY_CFG_NO_COROUTINES=1</string>
					<string>-DFOLLY_HAVE_CLOCK_GETTIME=1</string>
				</array>
				<key>REACT_NATIVE_PATH</key>
				<string>${PODS_ROOT}/../../node_modules/react-native</string>
				<key>SDKROOT</key>
				<string>iphoneos</string>
				<key>SWIFT_ACTIVE_COMPILATION_CONDITIONS</key>
				<string>$(inherited) DEBUG</string>
				<key>USE_HERMES</key>
				<string>true</string>
			</dict>
			<key>isa</key>
			<string>XCBuildConfiguration</string>
			<key>name</key>
			<string>Debug</string>
		</dict>
		<key>83CBBA211A601CBA00E9B192</key>
		<dict>
			<key>buildSettings</key>
			<dict>
				<key>ALWAYS_SEARCH_USER_PATHS</key>
				<string>NO</string>
				<key>CLANG_ANALYZER_LOCALIZABILITY_NONLOCALIZED</key>
				<string>YES</string>
				<key>CLANG_CXX_LANGUAGE_STANDARD</key>
				<string>c++20</string>
				<key>CLANG_CXX_LIBRARY</key>
				<string>libc++</string>
				<key>CLANG_ENABLE_MODULES</key>
				<string>YES</string>
				<key>CLANG_ENABLE_OBJC_ARC</key>
				<string>YES</string>
				<key>CLANG_WARN_BLOCK_CAPTURE_AUTORELEASING</key>
				<string>YES</string>
				<key>CLANG_WARN_BOOL_CONVERSION</key>
				<string>YES</string>
				<key>CLANG_WARN_COMMA</key>
				<string>YES</string>
				<key>CLANG_WARN_CONSTANT_CONVERSION</key>
				<string>YES</string>
				<key>CLANG_WARN_DEPRECATED_OBJC_IMPLEMENTATIONS</key>
				<string>YES</string>
				<key>CLANG_WARN_DIRECT_OBJC_ISA_USAGE</key>
				<string>YES_ERROR</string>
				<key>CLANG_WARN_EMPTY_BODY</key>
				<string>YES</string>
				<key>CLANG_WARN_ENUM_CONVERSION</key>
				<string>YES</string>
				<key>CLANG_WARN_INFINITE_RECURSION</key>
				<string>YES</string>
				<key>CLANG_WARN_INT_CONVERSION</key>
				<string>YES</string>
				<key>CLANG_WARN_NON_LITERAL_NULL_CONVERSION</key>
				<string>YES</string>
				<key>CLANG_WARN_OBJC_IMPLICIT_RETAIN_SELF</key>
				<string>YES</string>
				<key>CLANG_WARN_OBJC_LITERAL_CONVERSION</key>
				<string>YES</string>
				<key>CLANG_WARN_OBJC_ROOT_CLASS</key>
				<string>YES_ERROR</string>
				<key>CLANG_WARN_QUOTED_INCLUDE_IN_FRAMEWORK_HEADER</key>
				<string>YES</string>
				<key>CLANG_WARN_RANGE_LOOP_ANALYSIS</key>
				<string>YES</string>
				<key>CLANG_WARN_STRICT_PROTOTYPES</key>
				<string>YES</string>
				<key>CLANG_WARN_SUSPICIOUS_MOVE</key>
				<string>YES</string>
				<key>CLANG_WARN_UNREACHABLE_CODE</key>
				<string>YES</string>
				<key>CLANG_WARN__DUPLICATE_METHOD_MATCH</key>
				<string>YES</string>
				<key>CODE_SIGN_IDENTITY[sdk=iphoneos*]</key>
				<string>iPhone Developer</string>
				<key>COPY_PHASE_STRIP</key>
				<string>YES</string>
				<key>ENABLE_NS_ASSERTIONS</key>
				<string>NO</string>
				<key>ENABLE_STRICT_OBJC_MSGSEND</key>
				<string>YES</string>
				<key>EXCLUDED_ARCHS[sdk=iphonesimulator*]</key>
				<string></string>
				<key>GCC_C_LANGUAGE_STANDARD</key>
				<string>gnu99</string>
				<key>GCC_NO_COMMON_BLOCKS</key>
				<string>YES</string>
				<key>GCC_WARN_64_TO_32_BIT_CONVERSION</key>
				<string>YES</string>
				<key>GCC_WARN_ABOUT_RETURN_TYPE</key>
				<string>YES_ERROR</string>
				<key>GCC_WARN_UNDECLARED_SELECTOR</key>
				<string>YES</string>
				<key>GCC_WARN_UNINITIALIZED_AUTOS</key>
				<string>YES_AGGRESSIVE</string>
				<key>GCC_WARN_UNUSED_FUNCTION</key>
				<string>YES</string>
				<key>GCC_WARN_UNUSED_VARIABLE</key>
				<string>YES</string>
				<key>HEADER_SEARCH_PATHS</key>
				<array>
					<string>$(inherited)</string>
					<string>${PODS_CONFIGURATION_BUILD_DIR}/ReactCommon/ReactCommon.framework/Headers</string>
					<string>${PODS_CONFIGURATION_BUILD_DIR}/ReactCommon/ReactCommon.framework/Headers/react/nativemodule/core</string>
					<string>${PODS_CONFIGURATION_BUILD_DIR}/React-runtimeexecutor/React_runtimeexecutor.framework/Headers</string>
					<string>${PODS_CONFIGURATION_BUILD_DIR}/React-runtimeexecutor/React_runtimeexecutor.framework/Headers/platform/ios</string>
					<string>${PODS_CONFIGURATION_BUILD_DIR}/ReactCommon-Samples/ReactCommon_Samples.framework/Headers</string>
					<string>${PODS_CONFIGURATION_BUILD_DIR}/ReactCommon-Samples/ReactCommon_Samples.framework/Headers/platform/ios</string>
					<string>${PODS_CONFIGURATION_BUILD_DIR}/React-Fabric/React_Fabric.framework/Headers/react/renderer/components/view/platform/cxx</string>
					<string>${PODS_CONFIGURATION_BUILD_DIR}/React-NativeModulesApple/React_NativeModulesApple.framework/Headers</string>
					<string>${PODS_CONFIGURATION_BUILD_DIR}/React-graphics/React_graphics.framework/Headers</string>
					<string>${PODS_CONFIGURATION_BUILD_DIR}/React-graphics/React_graphics.framework/Headers/react/renderer/graphics/platform/ios</string>
				</array>
				<key>IPHONEOS_DEPLOYMENT_TARGET</key>
				<string>15.1</string>
				<key>LD_RUNPATH_SEARCH_PATHS</key>
				<array>
					<string>/usr/lib/swift</string>
					<string>$(inherited)</string>
				</array>
				<key>LIBRARY_SEARCH_PATHS</key>
				<array>
					<string>"$(SDKROOT)/usr/lib/swift"</string>
					<string>"$(TOOLCHAIN_DIR)/usr/lib/swift/$(PLATFORM_NAME)"</string>
					<string>"$(inherited)"</string>
				</array>
				<key>MTL_ENABLE_DEBUG_INFO</key>
				<string>NO</string>
				<key>OTHER_CFLAGS</key>
				<string>$(inherited)</string>
				<key>OTHER_CPLUSPLUSFLAGS</key>
				<array>
					<string>$(OTHER_CFLAGS)</string>
					<string>-DFOLLY_NO_CONFIG</string>
					<string>-DFOLLY_MOBILE=1</string>
					<string>-DFOLLY_USE_LIBCPP=1</string>
					<string>-DFOLLY_CFG_NO_COROUTINES=1</string>
					<string>-DFOLLY_HAVE_CLOCK_GETTIME=1</string>
				</array>
				<key>REACT_NATIVE_PATH</key>
				<string>${PODS_ROOT}/../../node_modules/react-native</string>
				<key>SDKROOT</key>
				<string>iphoneos</string>
				<key>USE_HERMES</key>
				<string>true</string>
				<key>VALIDATE_PRODUCT</key>
				<string>YES</string>
			</dict>
			<key>isa</key>
			<string>XCBuildConfiguration</string>
			<key>name</key>
			<string>Release</string>
		</dict>
		<key>972292CD0120EC45A899AFF5</key>
		<dict>
			<key>includeInIndex</key>
			<string>1</string>
			<key>isa</key>
			<string>PBXFileReference</string>
			<key>lastKnownFileType</key>
			<string>text.xcconfig</string>
			<key>name</key>
			<string>Pods-PATHWAY.debug.xcconfig</string>
			<key>path</key>
			<string>Target Support Files/Pods-PATHWAY/Pods-PATHWAY.debug.xcconfig</string>
			<key>sourceTree</key>
			<string>&lt;group&gt;</string>
		</dict>
		<key>BBD78D7AC51CEA395F1C20DB</key>
		<dict>
			<key>children</key>
			<array>
				<string>FF95DABBE5A883143C09DD7A</string>
				<string>21E130A94111B284223026CA</string>
				<string>054B80C41304515ABC1B0E3B</string>
				<string>DE6C8070BB36454DA5BD0516</string>
				<string>972292CD0120EC45A899AFF5</string>
				<string>3986EF51BAACF8D8944DA1DB</string>
			</array>
			<key>isa</key>
			<string>PBXGroup</string>
			<key>path</key>
			<string>Pods</string>
			<key>sourceTree</key>
			<string>&lt;group&gt;</string>
		</dict>
		<key>DE6C8070BB36454DA5BD0516</key>
		<dict>
			<key>includeInIndex</key>
			<string>1</string>
			<key>isa</key>
			<string>PBXFileReference</string>
			<key>lastKnownFileType</key>
			<string>text.xcconfig</string>
			<key>name</key>
			<string>Pods-PATHWAY.release.xcconfig</string>
			<key>path</key>
			<string>Target Support Files/Pods-PATHWAY/Pods-PATHWAY.release.xcconfig</string>
			<key>sourceTree</key>
			<string>&lt;group&gt;</string>
		</dict>
		<key>ED297162215061F000B7C4FE</key>
		<dict>
			<key>isa</key>
			<string>PBXFileReference</string>
			<key>lastKnownFileType</key>
			<string>wrapper.framework</string>
			<key>name</key>
			<string>JavaScriptCore.framework</string>
			<key>path</key>
			<string>System/Library/Frameworks/JavaScriptCore.framework</string>
			<key>sourceTree</key>
			<string>SDKROOT</string>
		</dict>
		<key>EDBDE231E4B44518330CDBAE</key>
		<dict>
			<key>includeInIndex</key>
			<string>1</string>
			<key>isa</key>
			<string>PBXFileReference</string>
			<key>name</key>
			<string>hermesvm.xcframework</string>
			<key>path</key>
			<string>Pods/hermes-engine/destroot/Library/Frameworks/universal/hermesvm.xcframework</string>
			<key>sourceTree</key>
			<string>&lt;group&gt;</string>
		</dict>
		<key>FF95DABBE5A883143C09DD7A</key>
		<dict>
			<key>includeInIndex</key>
			<string>1</string>
			<key>isa</key>
			<string>PBXFileReference</string>
			<key>lastKnownFileType</key>
			<string>text.xcconfig</string>
			<key>name</key>
			<string>Pods-PATHWAY.debug.xcconfig</string>
			<key>path</key>
			<string>Target Support Files/Pods-PATHWAY/Pods-PATHWAY.debug.xcconfig</string>
			<key>sourceTree</key>
			<string>&lt;group&gt;</string>
		</dict>
	</dict>
	<key>rootObject</key>
	<string>83CBB9F71A601CBA00E9B192</string>
</dict>
</plist>
